// !$*UTF8*$!
{
	archiveVersion = 1;
	classes = {
	};
	objectVersion = 50;
	objects = {

/* Begin PBXBuildFile section */
		B02F9B8726F25CEC0088608E /* AppDelegate.swift in Sources */ = {isa = PBXBuildFile; fileRef = B02F9B8626F25CEC0088608E /* AppDelegate.swift */; };
		B02F9B8926F25CEC0088608E /* SceneDelegate.swift in Sources */ = {isa = PBXBuildFile; fileRef = B02F9B8826F25CEC0088608E /* SceneDelegate.swift */; };
		B02F9B8B26F25CEC0088608E /* AlbumViewController.swift in Sources */ = {isa = PBXBuildFile; fileRef = B02F9B8A26F25CEC0088608E /* AlbumViewController.swift */; };
		B02F9B8E26F25CEC0088608E /* Main.storyboard in Resources */ = {isa = PBXBuildFile; fileRef = B02F9B8C26F25CEC0088608E /* Main.storyboard */; };
		B02F9B9326F25CEE0088608E /* Assets.xcassets in Resources */ = {isa = PBXBuildFile; fileRef = B02F9B9226F25CEE0088608E /* Assets.xcassets */; };
		B02F9B9626F25CEE0088608E /* LaunchScreen.storyboard in Resources */ = {isa = PBXBuildFile; fileRef = B02F9B9426F25CEE0088608E /* LaunchScreen.storyboard */; };
		B05B207426F3AB3000E46467 /* NewAlbumViewController.swift in Sources */ = {isa = PBXBuildFile; fileRef = B05B207326F3AB3000E46467 /* NewAlbumViewController.swift */; };
		B05B207B26F3BB8000E46467 /* TimelineViewController.swift in Sources */ = {isa = PBXBuildFile; fileRef = B05B207A26F3BB8000E46467 /* TimelineViewController.swift */; };
		B05B207E26F3BC4800E46467 /* NewPageViewController.swift in Sources */ = {isa = PBXBuildFile; fileRef = B05B207D26F3BC4800E46467 /* NewPageViewController.swift */; };
		B05B208026F3BC6000E46467 /* PageViewController.swift in Sources */ = {isa = PBXBuildFile; fileRef = B05B207F26F3BC6000E46467 /* PageViewController.swift */; };
		B05B208226F3BCDA00E46467 /* AlbumGridViewController.swift in Sources */ = {isa = PBXBuildFile; fileRef = B05B208126F3BCDA00E46467 /* AlbumGridViewController.swift */; };
		C871CF8626F8FDC2009D9038 /* CoreDataAlbum.swift in Sources */ = {isa = PBXBuildFile; fileRef = C871CF8526F8FDC2009D9038 /* CoreDataAlbum.swift */; };
		C871CF8826F90232009D9038 /* CoreDataPage.swift in Sources */ = {isa = PBXBuildFile; fileRef = C871CF8726F90232009D9038 /* CoreDataPage.swift */; };
		C871CF8B26F903AF009D9038 /* FileHelper.swift in Sources */ = {isa = PBXBuildFile; fileRef = C871CF8A26F903AF009D9038 /* FileHelper.swift */; };
		C871CF8D26F907F0009D9038 /* AlbumCollectionViewCell.swift in Sources */ = {isa = PBXBuildFile; fileRef = C871CF8C26F907F0009D9038 /* AlbumCollectionViewCell.swift */; };
		C871CFA326FA5677009D9038 /* Album+CoreDataClass.swift in Sources */ = {isa = PBXBuildFile; fileRef = C871CF9F26FA5677009D9038 /* Album+CoreDataClass.swift */; };
		C871CFA426FA5677009D9038 /* Album+CoreDataProperties.swift in Sources */ = {isa = PBXBuildFile; fileRef = C871CFA026FA5677009D9038 /* Album+CoreDataProperties.swift */; };
		C871CFA526FA5677009D9038 /* Page+CoreDataClass.swift in Sources */ = {isa = PBXBuildFile; fileRef = C871CFA126FA5677009D9038 /* Page+CoreDataClass.swift */; };
		C871CFA626FA5677009D9038 /* Page+CoreDataProperties.swift in Sources */ = {isa = PBXBuildFile; fileRef = C871CFA226FA5677009D9038 /* Page+CoreDataProperties.swift */; };
/* End PBXBuildFile section */

/* Begin PBXFileReference section */
		B02F9B8326F25CEC0088608E /* olds.app */ = {isa = PBXFileReference; explicitFileType = wrapper.application; includeInIndex = 0; path = olds.app; sourceTree = BUILT_PRODUCTS_DIR; };
		B02F9B8626F25CEC0088608E /* AppDelegate.swift */ = {isa = PBXFileReference; lastKnownFileType = sourcecode.swift; path = AppDelegate.swift; sourceTree = "<group>"; };
		B02F9B8826F25CEC0088608E /* SceneDelegate.swift */ = {isa = PBXFileReference; lastKnownFileType = sourcecode.swift; path = SceneDelegate.swift; sourceTree = "<group>"; };
		B02F9B8A26F25CEC0088608E /* AlbumViewController.swift */ = {isa = PBXFileReference; lastKnownFileType = sourcecode.swift; path = AlbumViewController.swift; sourceTree = "<group>"; };
		B02F9B8D26F25CEC0088608E /* Base */ = {isa = PBXFileReference; lastKnownFileType = file.storyboard; name = Base; path = Base.lproj/Main.storyboard; sourceTree = "<group>"; };
		B02F9B9026F25CEC0088608E /* olds.xcdatamodel */ = {isa = PBXFileReference; lastKnownFileType = wrapper.xcdatamodel; path = olds.xcdatamodel; sourceTree = "<group>"; };
		B02F9B9226F25CEE0088608E /* Assets.xcassets */ = {isa = PBXFileReference; lastKnownFileType = folder.assetcatalog; path = Assets.xcassets; sourceTree = "<group>"; };
		B02F9B9526F25CEE0088608E /* Base */ = {isa = PBXFileReference; lastKnownFileType = file.storyboard; name = Base; path = Base.lproj/LaunchScreen.storyboard; sourceTree = "<group>"; };
		B02F9B9726F25CEE0088608E /* Info.plist */ = {isa = PBXFileReference; lastKnownFileType = text.plist.xml; path = Info.plist; sourceTree = "<group>"; };
		B05B207326F3AB3000E46467 /* NewAlbumViewController.swift */ = {isa = PBXFileReference; lastKnownFileType = sourcecode.swift; path = NewAlbumViewController.swift; sourceTree = "<group>"; };
		B05B207A26F3BB8000E46467 /* TimelineViewController.swift */ = {isa = PBXFileReference; lastKnownFileType = sourcecode.swift; path = TimelineViewController.swift; sourceTree = "<group>"; };
		B05B207D26F3BC4800E46467 /* NewPageViewController.swift */ = {isa = PBXFileReference; lastKnownFileType = sourcecode.swift; path = NewPageViewController.swift; sourceTree = "<group>"; };
		B05B207F26F3BC6000E46467 /* PageViewController.swift */ = {isa = PBXFileReference; lastKnownFileType = sourcecode.swift; path = PageViewController.swift; sourceTree = "<group>"; };
		B05B208126F3BCDA00E46467 /* AlbumGridViewController.swift */ = {isa = PBXFileReference; lastKnownFileType = sourcecode.swift; path = AlbumGridViewController.swift; sourceTree = "<group>"; };
		C871CF8526F8FDC2009D9038 /* CoreDataAlbum.swift */ = {isa = PBXFileReference; lastKnownFileType = sourcecode.swift; path = CoreDataAlbum.swift; sourceTree = "<group>"; };
		C871CF8726F90232009D9038 /* CoreDataPage.swift */ = {isa = PBXFileReference; lastKnownFileType = sourcecode.swift; path = CoreDataPage.swift; sourceTree = "<group>"; };
		C871CF8A26F903AF009D9038 /* FileHelper.swift */ = {isa = PBXFileReference; lastKnownFileType = sourcecode.swift; path = FileHelper.swift; sourceTree = "<group>"; };
		C871CF8C26F907F0009D9038 /* AlbumCollectionViewCell.swift */ = {isa = PBXFileReference; lastKnownFileType = sourcecode.swift; path = AlbumCollectionViewCell.swift; sourceTree = "<group>"; };
		C871CF9F26FA5677009D9038 /* Album+CoreDataClass.swift */ = {isa = PBXFileReference; lastKnownFileType = sourcecode.swift; path = "Album+CoreDataClass.swift"; sourceTree = "<group>"; };
		C871CFA026FA5677009D9038 /* Album+CoreDataProperties.swift */ = {isa = PBXFileReference; lastKnownFileType = sourcecode.swift; path = "Album+CoreDataProperties.swift"; sourceTree = "<group>"; };
		C871CFA126FA5677009D9038 /* Page+CoreDataClass.swift */ = {isa = PBXFileReference; lastKnownFileType = sourcecode.swift; path = "Page+CoreDataClass.swift"; sourceTree = "<group>"; };
		C871CFA226FA5677009D9038 /* Page+CoreDataProperties.swift */ = {isa = PBXFileReference; lastKnownFileType = sourcecode.swift; path = "Page+CoreDataProperties.swift"; sourceTree = "<group>"; };
/* End PBXFileReference section */

/* Begin PBXFrameworksBuildPhase section */
		B02F9B8026F25CEC0088608E /* Frameworks */ = {
			isa = PBXFrameworksBuildPhase;
			buildActionMask = 2147483647;
			files = (
			);
			runOnlyForDeploymentPostprocessing = 0;
		};
/* End PBXFrameworksBuildPhase section */

/* Begin PBXGroup section */
		B02F9B7A26F25CEC0088608E = {
			isa = PBXGroup;
			children = (
				B02F9B8F26F25CEC0088608E /* olds.xcdatamodeld */,
				C871CF9F26FA5677009D9038 /* Album+CoreDataClass.swift */,
				C871CFA026FA5677009D9038 /* Album+CoreDataProperties.swift */,
				C871CFA126FA5677009D9038 /* Page+CoreDataClass.swift */,
				C871CFA226FA5677009D9038 /* Page+CoreDataProperties.swift */,
				C871CF8926F903A0009D9038 /* Image */,
				C871CF8426F8FD87009D9038 /* CoreDate */,
				B05B208C26F5374200E46467 /* AlbumCoreData */,
				B05B208B26F5373400E46467 /* PageCoreData */,
				B02F9B8526F25CEC0088608E /* olds */,
				B02F9B8426F25CEC0088608E /* Products */,
			);
			sourceTree = "<group>";
		};
		B02F9B8426F25CEC0088608E /* Products */ = {
			isa = PBXGroup;
			children = (
				B02F9B8326F25CEC0088608E /* olds.app */,
			);
			name = Products;
			sourceTree = "<group>";
		};
		B02F9B8526F25CEC0088608E /* olds */ = {
			isa = PBXGroup;
			children = (
				B05B207C26F3BBAB00E46467 /* Album */,
				B05B207926F3BB5E00E46467 /* Timeline */,
				B02F9B8626F25CEC0088608E /* AppDelegate.swift */,
				B02F9B8826F25CEC0088608E /* SceneDelegate.swift */,
				B02F9B8C26F25CEC0088608E /* Main.storyboard */,
				B02F9B9426F25CEE0088608E /* LaunchScreen.storyboard */,
				B02F9B9226F25CEE0088608E /* Assets.xcassets */,
				B02F9B9726F25CEE0088608E /* Info.plist */,
			);
			path = olds;
			sourceTree = "<group>";
		};
		B05B207926F3BB5E00E46467 /* Timeline */ = {
			isa = PBXGroup;
			children = (
				B05B207A26F3BB8000E46467 /* TimelineViewController.swift */,
			);
			path = Timeline;
			sourceTree = "<group>";
		};
		B05B207C26F3BBAB00E46467 /* Album */ = {
			isa = PBXGroup;
			children = (
				B05B208126F3BCDA00E46467 /* AlbumGridViewController.swift */,
				B05B207326F3AB3000E46467 /* NewAlbumViewController.swift */,
				B02F9B8A26F25CEC0088608E /* AlbumViewController.swift */,
				B05B207D26F3BC4800E46467 /* NewPageViewController.swift */,
				B05B207F26F3BC6000E46467 /* PageViewController.swift */,
				C871CF8C26F907F0009D9038 /* AlbumCollectionViewCell.swift */,
			);
			path = Album;
			sourceTree = "<group>";
		};
		B05B208B26F5373400E46467 /* PageCoreData */ = {
			isa = PBXGroup;
			children = (
			);
			path = PageCoreData;
			sourceTree = "<group>";
		};
		B05B208C26F5374200E46467 /* AlbumCoreData */ = {
			isa = PBXGroup;
			children = (
			);
			path = AlbumCoreData;
			sourceTree = "<group>";
		};
		C871CF8426F8FD87009D9038 /* CoreDate */ = {
			isa = PBXGroup;
			children = (
				C871CF8526F8FDC2009D9038 /* CoreDataAlbum.swift */,
				C871CF8726F90232009D9038 /* CoreDataPage.swift */,
			);
			path = CoreDate;
			sourceTree = "<group>";
		};
		C871CF8926F903A0009D9038 /* Image */ = {
			isa = PBXGroup;
			children = (
				C871CF8A26F903AF009D9038 /* FileHelper.swift */,
			);
			path = Image;
			sourceTree = "<group>";
		};
/* End PBXGroup section */

/* Begin PBXNativeTarget section */
		B02F9B8226F25CEC0088608E /* olds */ = {
			isa = PBXNativeTarget;
			buildConfigurationList = B02F9B9A26F25CEE0088608E /* Build configuration list for PBXNativeTarget "olds" */;
			buildPhases = (
				B02F9B7F26F25CEC0088608E /* Sources */,
				B02F9B8026F25CEC0088608E /* Frameworks */,
				B02F9B8126F25CEC0088608E /* Resources */,
			);
			buildRules = (
			);
			dependencies = (
			);
			name = olds;
			productName = olds;
			productReference = B02F9B8326F25CEC0088608E /* olds.app */;
			productType = "com.apple.product-type.application";
		};
/* End PBXNativeTarget section */

/* Begin PBXProject section */
		B02F9B7B26F25CEC0088608E /* Project object */ = {
			isa = PBXProject;
			attributes = {
				LastSwiftUpdateCheck = 1250;
				LastUpgradeCheck = 1250;
				TargetAttributes = {
					B02F9B8226F25CEC0088608E = {
						CreatedOnToolsVersion = 12.5.1;
					};
				};
			};
			buildConfigurationList = B02F9B7E26F25CEC0088608E /* Build configuration list for PBXProject "olds" */;
			compatibilityVersion = "Xcode 9.3";
			developmentRegion = en;
			hasScannedForEncodings = 0;
			knownRegions = (
				en,
				Base,
			);
			mainGroup = B02F9B7A26F25CEC0088608E;
			productRefGroup = B02F9B8426F25CEC0088608E /* Products */;
			projectDirPath = "";
			projectRoot = "";
			targets = (
				B02F9B8226F25CEC0088608E /* olds */,
			);
		};
/* End PBXProject section */

/* Begin PBXResourcesBuildPhase section */
		B02F9B8126F25CEC0088608E /* Resources */ = {
			isa = PBXResourcesBuildPhase;
			buildActionMask = 2147483647;
			files = (
				B02F9B9626F25CEE0088608E /* LaunchScreen.storyboard in Resources */,
				B02F9B9326F25CEE0088608E /* Assets.xcassets in Resources */,
				B02F9B8E26F25CEC0088608E /* Main.storyboard in Resources */,
			);
			runOnlyForDeploymentPostprocessing = 0;
		};
/* End PBXResourcesBuildPhase section */

/* Begin PBXSourcesBuildPhase section */
		B02F9B7F26F25CEC0088608E /* Sources */ = {
			isa = PBXSourcesBuildPhase;
			buildActionMask = 2147483647;
			files = (
				C871CF8D26F907F0009D9038 /* AlbumCollectionViewCell.swift in Sources */,
				B05B208226F3BCDA00E46467 /* AlbumGridViewController.swift in Sources */,
				B02F9B8B26F25CEC0088608E /* AlbumViewController.swift in Sources */,
				C871CFA426FA5677009D9038 /* Album+CoreDataProperties.swift in Sources */,
				C871CFA526FA5677009D9038 /* Page+CoreDataClass.swift in Sources */,
				B02F9B8726F25CEC0088608E /* AppDelegate.swift in Sources */,
				C871CFA326FA5677009D9038 /* Album+CoreDataClass.swift in Sources */,
				B05B207426F3AB3000E46467 /* NewAlbumViewController.swift in Sources */,
				B05B207E26F3BC4800E46467 /* NewPageViewController.swift in Sources */,
				B05B207B26F3BB8000E46467 /* TimelineViewController.swift in Sources */,
				C871CFA626FA5677009D9038 /* Page+CoreDataProperties.swift in Sources */,
				C871CF8626F8FDC2009D9038 /* CoreDataAlbum.swift in Sources */,
				B05B208026F3BC6000E46467 /* PageViewController.swift in Sources */,
				B02F9B8926F25CEC0088608E /* SceneDelegate.swift in Sources */,
				C871CF8826F90232009D9038 /* CoreDataPage.swift in Sources */,
				C871CF8B26F903AF009D9038 /* FileHelper.swift in Sources */,
			);
			runOnlyForDeploymentPostprocessing = 0;
		};
/* End PBXSourcesBuildPhase section */

/* Begin PBXVariantGroup section */
		B02F9B8C26F25CEC0088608E /* Main.storyboard */ = {
			isa = PBXVariantGroup;
			children = (
				B02F9B8D26F25CEC0088608E /* Base */,
			);
			name = Main.storyboard;
			sourceTree = "<group>";
		};
		B02F9B9426F25CEE0088608E /* LaunchScreen.storyboard */ = {
			isa = PBXVariantGroup;
			children = (
				B02F9B9526F25CEE0088608E /* Base */,
			);
			name = LaunchScreen.storyboard;
			sourceTree = "<group>";
		};
/* End PBXVariantGroup section */

/* Begin XCBuildConfiguration section */
		B02F9B9826F25CEE0088608E /* Debug */ = {
			isa = XCBuildConfiguration;
			buildSettings = {
				ALWAYS_SEARCH_USER_PATHS = NO;
				CLANG_ANALYZER_NONNULL = YES;
				CLANG_ANALYZER_NUMBER_OBJECT_CONVERSION = YES_AGGRESSIVE;
				CLANG_CXX_LANGUAGE_STANDARD = "gnu++14";
				CLANG_CXX_LIBRARY = "libc++";
				CLANG_ENABLE_MODULES = YES;
				CLANG_ENABLE_OBJC_ARC = YES;
				CLANG_ENABLE_OBJC_WEAK = YES;
				CLANG_WARN_BLOCK_CAPTURE_AUTORELEASING = YES;
				CLANG_WARN_BOOL_CONVERSION = YES;
				CLANG_WARN_COMMA = YES;
				CLANG_WARN_CONSTANT_CONVERSION = YES;
				CLANG_WARN_DEPRECATED_OBJC_IMPLEMENTATIONS = YES;
				CLANG_WARN_DIRECT_OBJC_ISA_USAGE = YES_ERROR;
				CLANG_WARN_DOCUMENTATION_COMMENTS = YES;
				CLANG_WARN_EMPTY_BODY = YES;
				CLANG_WARN_ENUM_CONVERSION = YES;
				CLANG_WARN_INFINITE_RECURSION = YES;
				CLANG_WARN_INT_CONVERSION = YES;
				CLANG_WARN_NON_LITERAL_NULL_CONVERSION = YES;
				CLANG_WARN_OBJC_IMPLICIT_RETAIN_SELF = YES;
				CLANG_WARN_OBJC_LITERAL_CONVERSION = YES;
				CLANG_WARN_OBJC_ROOT_CLASS = YES_ERROR;
				CLANG_WARN_QUOTED_INCLUDE_IN_FRAMEWORK_HEADER = YES;
				CLANG_WARN_RANGE_LOOP_ANALYSIS = YES;
				CLANG_WARN_STRICT_PROTOTYPES = YES;
				CLANG_WARN_SUSPICIOUS_MOVE = YES;
				CLANG_WARN_UNGUARDED_AVAILABILITY = YES_AGGRESSIVE;
				CLANG_WARN_UNREACHABLE_CODE = YES;
				CLANG_WARN__DUPLICATE_METHOD_MATCH = YES;
				COPY_PHASE_STRIP = NO;
				DEBUG_INFORMATION_FORMAT = dwarf;
				ENABLE_STRICT_OBJC_MSGSEND = YES;
				ENABLE_TESTABILITY = YES;
				GCC_C_LANGUAGE_STANDARD = gnu11;
				GCC_DYNAMIC_NO_PIC = NO;
				GCC_NO_COMMON_BLOCKS = YES;
				GCC_OPTIMIZATION_LEVEL = 0;
				GCC_PREPROCESSOR_DEFINITIONS = (
					"DEBUG=1",
					"$(inherited)",
				);
				GCC_WARN_64_TO_32_BIT_CONVERSION = YES;
				GCC_WARN_ABOUT_RETURN_TYPE = YES_ERROR;
				GCC_WARN_UNDECLARED_SELECTOR = YES;
				GCC_WARN_UNINITIALIZED_AUTOS = YES_AGGRESSIVE;
				GCC_WARN_UNUSED_FUNCTION = YES;
				GCC_WARN_UNUSED_VARIABLE = YES;
				IPHONEOS_DEPLOYMENT_TARGET = 14.5;
				MTL_ENABLE_DEBUG_INFO = INCLUDE_SOURCE;
				MTL_FAST_MATH = YES;
				ONLY_ACTIVE_ARCH = YES;
				SDKROOT = iphoneos;
				SWIFT_ACTIVE_COMPILATION_CONDITIONS = DEBUG;
				SWIFT_OPTIMIZATION_LEVEL = "-Onone";
			};
			name = Debug;
		};
		B02F9B9926F25CEE0088608E /* Release */ = {
			isa = XCBuildConfiguration;
			buildSettings = {
				ALWAYS_SEARCH_USER_PATHS = NO;
				CLANG_ANALYZER_NONNULL = YES;
				CLANG_ANALYZER_NUMBER_OBJECT_CONVERSION = YES_AGGRESSIVE;
				CLANG_CXX_LANGUAGE_STANDARD = "gnu++14";
				CLANG_CXX_LIBRARY = "libc++";
				CLANG_ENABLE_MODULES = YES;
				CLANG_ENABLE_OBJC_ARC = YES;
				CLANG_ENABLE_OBJC_WEAK = YES;
				CLANG_WARN_BLOCK_CAPTURE_AUTORELEASING = YES;
				CLANG_WARN_BOOL_CONVERSION = YES;
				CLANG_WARN_COMMA = YES;
				CLANG_WARN_CONSTANT_CONVERSION = YES;
				CLANG_WARN_DEPRECATED_OBJC_IMPLEMENTATIONS = YES;
				CLANG_WARN_DIRECT_OBJC_ISA_USAGE = YES_ERROR;
				CLANG_WARN_DOCUMENTATION_COMMENTS = YES;
				CLANG_WARN_EMPTY_BODY = YES;
				CLANG_WARN_ENUM_CONVERSION = YES;
				CLANG_WARN_INFINITE_RECURSION = YES;
				CLANG_WARN_INT_CONVERSION = YES;
				CLANG_WARN_NON_LITERAL_NULL_CONVERSION = YES;
				CLANG_WARN_OBJC_IMPLICIT_RETAIN_SELF = YES;
				CLANG_WARN_OBJC_LITERAL_CONVERSION = YES;
				CLANG_WARN_OBJC_ROOT_CLASS = YES_ERROR;
				CLANG_WARN_QUOTED_INCLUDE_IN_FRAMEWORK_HEADER = YES;
				CLANG_WARN_RANGE_LOOP_ANALYSIS = YES;
				CLANG_WARN_STRICT_PROTOTYPES = YES;
				CLANG_WARN_SUSPICIOUS_MOVE = YES;
				CLANG_WARN_UNGUARDED_AVAILABILITY = YES_AGGRESSIVE;
				CLANG_WARN_UNREACHABLE_CODE = YES;
				CLANG_WARN__DUPLICATE_METHOD_MATCH = YES;
				COPY_PHASE_STRIP = NO;
				DEBUG_INFORMATION_FORMAT = "dwarf-with-dsym";
				ENABLE_NS_ASSERTIONS = NO;
				ENABLE_STRICT_OBJC_MSGSEND = YES;
				GCC_C_LANGUAGE_STANDARD = gnu11;
				GCC_NO_COMMON_BLOCKS = YES;
				GCC_WARN_64_TO_32_BIT_CONVERSION = YES;
				GCC_WARN_ABOUT_RETURN_TYPE = YES_ERROR;
				GCC_WARN_UNDECLARED_SELECTOR = YES;
				GCC_WARN_UNINITIALIZED_AUTOS = YES_AGGRESSIVE;
				GCC_WARN_UNUSED_FUNCTION = YES;
				GCC_WARN_UNUSED_VARIABLE = YES;
				IPHONEOS_DEPLOYMENT_TARGET = 14.5;
				MTL_ENABLE_DEBUG_INFO = NO;
				MTL_FAST_MATH = YES;
				SDKROOT = iphoneos;
				SWIFT_COMPILATION_MODE = wholemodule;
				SWIFT_OPTIMIZATION_LEVEL = "-O";
				VALIDATE_PRODUCT = YES;
			};
			name = Release;
		};
		B02F9B9B26F25CEE0088608E /* Debug */ = {
			isa = XCBuildConfiguration;
			buildSettings = {
				ASSETCATALOG_COMPILER_APPICON_NAME = AppIcon;
				ASSETCATALOG_COMPILER_GLOBAL_ACCENT_COLOR_NAME = AccentColor;
				CODE_SIGN_STYLE = Automatic;
				DEVELOPMENT_TEAM = 9R89XP5A63;
				INFOPLIST_FILE = olds/Info.plist;
				LD_RUNPATH_SEARCH_PATHS = (
					"$(inherited)",
					"@executable_path/Frameworks",
				);
				PRODUCT_BUNDLE_IDENTIFIER = br.dev.lifebook.olds;
				PRODUCT_NAME = "$(TARGET_NAME)";
				SWIFT_VERSION = 5.0;
				TARGETED_DEVICE_FAMILY = 2;
			};
			name = Debug;
		};
		B02F9B9C26F25CEE0088608E /* Release */ = {
			isa = XCBuildConfiguration;
			buildSettings = {
				ASSETCATALOG_COMPILER_APPICON_NAME = AppIcon;
				ASSETCATALOG_COMPILER_GLOBAL_ACCENT_COLOR_NAME = AccentColor;
				CODE_SIGN_STYLE = Automatic;
				DEVELOPMENT_TEAM = 9R89XP5A63;
				INFOPLIST_FILE = olds/Info.plist;
				LD_RUNPATH_SEARCH_PATHS = (
					"$(inherited)",
					"@executable_path/Frameworks",
				);
				PRODUCT_BUNDLE_IDENTIFIER = br.dev.lifebook.olds;
				PRODUCT_NAME = "$(TARGET_NAME)";
				SWIFT_VERSION = 5.0;
				TARGETED_DEVICE_FAMILY = 2;
			};
			name = Release;
		};
/* End XCBuildConfiguration section */

/* Begin XCConfigurationList section */
		B02F9B7E26F25CEC0088608E /* Build configuration list for PBXProject "olds" */ = {
			isa = XCConfigurationList;
			buildConfigurations = (
				B02F9B9826F25CEE0088608E /* Debug */,
				B02F9B9926F25CEE0088608E /* Release */,
			);
			defaultConfigurationIsVisible = 0;
			defaultConfigurationName = Release;
		};
		B02F9B9A26F25CEE0088608E /* Build configuration list for PBXNativeTarget "olds" */ = {
			isa = XCConfigurationList;
			buildConfigurations = (
				B02F9B9B26F25CEE0088608E /* Debug */,
				B02F9B9C26F25CEE0088608E /* Release */,
			);
			defaultConfigurationIsVisible = 0;
			defaultConfigurationName = Release;
		};
/* End XCConfigurationList section */

/* Begin XCVersionGroup section */
		B02F9B8F26F25CEC0088608E /* olds.xcdatamodeld */ = {
			isa = XCVersionGroup;
			children = (
				B02F9B9026F25CEC0088608E /* olds.xcdatamodel */,
			);
			currentVersion = B02F9B9026F25CEC0088608E /* olds.xcdatamodel */;
			path = olds.xcdatamodeld;
			sourceTree = "<group>";
			versionGroupType = wrapper.xcdatamodel;
		};
/* End XCVersionGroup section */
	};
	rootObject = B02F9B7B26F25CEC0088608E /* Project object */;
}
